# This file is automatically @generated by Cargo.
# It is not intended for manual editing.
version = 4

[[package]]
name = "tpm-cli"
version = "0.1.0"
dependencies = [
 "tpm-core",
 "tpm-workspace",
]

[[package]]
name = "tpm-core"
version = "0.1.0"

[[package]]
name = "tpm-diagnostics"
version = "0.1.0"
dependencies = [
 "tpm-core",
]

[[package]]
name = "tpm-workspace"
version = "0.1.0"
dependencies = [
 "tpm-core",
 "tpm-diagnostics",
]
